
Microsoft Visual Studio Solution File, Format Version 12.00
# Visual Studio Version 17
VisualStudioVersion = 17.8.34525.116
MinimumVisualStudioVersion = 10.0.40219.1
Project("{FAE04EC0-301F-11D3-BF4B-00C04F79EFBC}") = "AspNetWebPageDeployDemo", "AspNetWebPageDeployDemo\AspNetWebPageDeployDemo.csproj", "{4C499932-77AF-410B-82EA-0F3D7CCBD472}"
EndProject
Global
	GlobalSection(SolutionConfigurationPlatforms) = preSolution
		Debug|Any CPU = Debug|Any CPU
		Release|Any CPU = Release|Any CPU
	EndGlobalSection
	GlobalSection(ProjectConfigurationPlatforms) = postSolution
		{4C499932-77AF-410B-82EA-0F3D7CCBD472}.Debug|Any CPU.ActiveCfg = Debug|Any CPU
		{4C499932-77AF-410B-82EA-0F3D7CCBD472}.Debug|Any CPU.Build.0 = Debug|Any CPU
		{4C499932-77AF-410B-82EA-0F3D7CCBD472}.Release|Any CPU.ActiveCfg = Release|Any CPU
		{4C499932-77AF-410B-82EA-0F3D7CCBD472}.Release|Any CPU.Build.0 = Release|Any CPU
	EndGlobalSection
	GlobalSection(SolutionProperties) = preSolution
		HideSolutionNode = FALSE
	EndGlobalSection
	GlobalSection(ExtensibilityGlobals) = postSolution
		SolutionGuid = {ECD60498-A6E3-45C9-A217-003684F1AF27}
	EndGlobalSection
EndGlobal
